
Microsoft Visual Studio Solution File, Format Version 12.00
# Visual Studio Version 16
VisualStudioVersion = 16.0.31205.134
MinimumVisualStudioVersion = 10.0.40219.1
Project("{FAE04EC0-301F-11D3-BF4B-00C04F79EFBC}") = "WebApiOData", "WebApiOData\WebApiOData.csproj", "{03FBCFCF-5CC2-4CF4-8B4C-FD334C242771}"
EndProject
Global
	GlobalSection(SolutionConfigurationPlatforms) = preSolution
		Debug|Any CPU = Debug|Any CPU
		Release|Any CPU = Release|Any CPU
	EndGlobalSection
	GlobalSection(ProjectConfigurationPlatforms) = postSolution
		{03FBCFCF-5CC2-4CF4-8B4C-FD334C242771}.Debug|Any CPU.ActiveCfg = Debug|Any CPU
		{03FBCFCF-5CC2-4CF4-8B4C-FD334C242771}.Debug|Any CPU.Build.0 = Debug|Any CPU
		{03FBCFCF-5CC2-4CF4-8B4C-FD334C242771}.Release|Any CPU.ActiveCfg = Release|Any CPU
		{03FBCFCF-5CC2-4CF4-8B4C-FD334C242771}.Release|Any CPU.Build.0 = Release|Any CPU
	EndGlobalSection
	GlobalSection(SolutionProperties) = preSolution
		HideSolutionNode = FALSE
	EndGlobalSection
	GlobalSection(ExtensibilityGlobals) = postSolution
		SolutionGuid = {A514E8B8-DD9C-4ACF-9EE6-3235DAF77845}
	EndGlobalSection
EndGlobal
